// !$*UTF8*$!
{
	archiveVersion = 1;
	classes = {
	};
	objectVersion = 46;
	objects = {

/* Begin PBXBuildFile section */
		FA61DCD2192A8B100072EA93 /* Foundation.framework in Frameworks */ = {isa = PBXBuildFile; fileRef = FA61DCD1192A8B100072EA93 /* Foundation.framework */; };
		FA61DCD4192A8B100072EA93 /* CoreGraphics.framework in Frameworks */ = {isa = PBXBuildFile; fileRef = FA61DCD3192A8B100072EA93 /* CoreGraphics.framework */; };
		FA61DCD6192A8B100072EA93 /* UIKit.framework in Frameworks */ = {isa = PBXBuildFile; fileRef = FA61DCD5192A8B100072EA93 /* UIKit.framework */; };
		FA61DCDC192A8B100072EA93 /* InfoPlist.strings in Resources */ = {isa = PBXBuildFile; fileRef = FA61DCDA192A8B100072EA93 /* InfoPlist.strings */; };
		FA61DCDE192A8B100072EA93 /* main.m in Sources */ = {isa = PBXBuildFile; fileRef = FA61DCDD192A8B100072EA93 /* main.m */; };
		FA61DCE2192A8B100072EA93 /* AppDelegate.m in Sources */ = {isa = PBXBuildFile; fileRef = FA61DCE1192A8B100072EA93 /* AppDelegate.m */; };
		FA61DCE5192A8B100072EA93 /* Main.storyboard in Resources */ = {isa = PBXBuildFile; fileRef = FA61DCE3192A8B100072EA93 /* Main.storyboard */; };
		FA61DCE8192A8B100072EA93 /* ViewController.m in Sources */ = {isa = PBXBuildFile; fileRef = FA61DCE7192A8B100072EA93 /* ViewController.m */; };
		FA61DCEA192A8B100072EA93 /* Images.xcassets in Resources */ = {isa = PBXBuildFile; fileRef = FA61DCE9192A8B100072EA93 /* Images.xcassets */; };
		FA61DCF1192A8B100072EA93 /* XCTest.framework in Frameworks */ = {isa = PBXBuildFile; fileRef = FA61DCF0192A8B100072EA93 /* XCTest.framework */; };
		FA61DCF2192A8B100072EA93 /* Foundation.framework in Frameworks */ = {isa = PBXBuildFile; fileRef = FA61DCD1192A8B100072EA93 /* Foundation.framework */; };
		FA61DCF3192A8B100072EA93 /* UIKit.framework in Frameworks */ = {isa = PBXBuildFile; fileRef = FA61DCD5192A8B100072EA93 /* UIKit.framework */; };
		FA61DCFB192A8B100072EA93 /* InfoPlist.strings in Resources */ = {isa = PBXBuildFile; fileRef = FA61DCF9192A8B100072EA93 /* InfoPlist.strings */; };
		FA61DCFD192A8B100072EA93 /* Web_ViewTests.m in Sources */ = {isa = PBXBuildFile; fileRef = FA61DCFC192A8B100072EA93 /* Web_ViewTests.m */; };
/* End PBXBuildFile section */

/* Begin PBXContainerItemProxy section */
		FA61DCF4192A8B100072EA93 /* PBXContainerItemProxy */ = {
			isa = PBXContainerItemProxy;
			containerPortal = FA61DCC6192A8B100072EA93 /* Project object */;
			proxyType = 1;
			remoteGlobalIDString = FA61DCCD192A8B100072EA93;
			remoteInfo = "Web View";
		};
/* End PBXContainerItemProxy section */

/* Begin PBXFileReference section */
		FA61DCCE192A8B100072EA93 /* Web View.app */ = {isa = PBXFileReference; explicitFileType = wrapper.application; includeInIndex = 0; path = "Web View.app"; sourceTree = BUILT_PRODUCTS_DIR; };
		FA61DCD1192A8B100072EA93 /* Foundation.framework */ = {isa = PBXFileReference; lastKnownFileType = wrapper.framework; name = Foundation.framework; path = System/Library/Frameworks/Foundation.framework; sourceTree = SDKROOT; };
		FA61DCD3192A8B100072EA93 /* CoreGraphics.framework */ = {isa = PBXFileReference; lastKnownFileType = wrapper.framework; name = CoreGraphics.framework; path = System/Library/Frameworks/CoreGraphics.framework; sourceTree = SDKROOT; };
		FA61DCD5192A8B100072EA93 /* UIKit.framework */ = {isa = PBXFileReference; lastKnownFileType = wrapper.framework; name = UIKit.framework; path = System/Library/Frameworks/UIKit.framework; sourceTree = SDKROOT; };
		FA61DCD9192A8B100072EA93 /* Web View-Info.plist */ = {isa = PBXFileReference; lastKnownFileType = text.plist.xml; path = "Web View-Info.plist"; sourceTree = "<group>"; };
		FA61DCDB192A8B100072EA93 /* en */ = {isa = PBXFileReference; lastKnownFileType = text.plist.strings; name = en; path = en.lproj/InfoPlist.strings; sourceTree = "<group>"; };
		FA61DCDD192A8B100072EA93 /* main.m */ = {isa = PBXFileReference; lastKnownFileType = sourcecode.c.objc; path = main.m; sourceTree = "<group>"; };
		FA61DCDF192A8B100072EA93 /* Web View-Prefix.pch */ = {isa = PBXFileReference; lastKnownFileType = sourcecode.c.h; path = "Web View-Prefix.pch"; sourceTree = "<group>"; };
		FA61DCE0192A8B100072EA93 /* AppDelegate.h */ = {isa = PBXFileReference; lastKnownFileType = sourcecode.c.h; path = AppDelegate.h; sourceTree = "<group>"; };
		FA61DCE1192A8B100072EA93 /* AppDelegate.m */ = {isa = PBXFileReference; lastKnownFileType = sourcecode.c.objc; path = AppDelegate.m; sourceTree = "<group>"; };
		FA61DCE4192A8B100072EA93 /* Base */ = {isa = PBXFileReference; lastKnownFileType = file.storyboard; name = Base; path = Base.lproj/Main.storyboard; sourceTree = "<group>"; };
		FA61DCE6192A8B100072EA93 /* ViewController.h */ = {isa = PBXFileReference; lastKnownFileType = sourcecode.c.h; path = ViewController.h; sourceTree = "<group>"; };
		FA61DCE7192A8B100072EA93 /* ViewController.m */ = {isa = PBXFileReference; lastKnownFileType = sourcecode.c.objc; path = ViewController.m; sourceTree = "<group>"; };
		FA61DCE9192A8B100072EA93 /* Images.xcassets */ = {isa = PBXFileReference; lastKnownFileType = folder.assetcatalog; path = Images.xcassets; sourceTree = "<group>"; };
		FA61DCEF192A8B100072EA93 /* Web ViewTests.xctest */ = {isa = PBXFileReference; explicitFileType = wrapper.cfbundle; includeInIndex = 0; path = "Web ViewTests.xctest"; sourceTree = BUILT_PRODUCTS_DIR; };
		FA61DCF0192A8B100072EA93 /* XCTest.framework */ = {isa = PBXFileReference; lastKnownFileType = wrapper.framework; name = XCTest.framework; path = Library/Frameworks/XCTest.framework; sourceTree = DEVELOPER_DIR; };
		FA61DCF8192A8B100072EA93 /* Web ViewTests-Info.plist */ = {isa = PBXFileReference; lastKnownFileType = text.plist.xml; path = "Web ViewTests-Info.plist"; sourceTree = "<group>"; };
		FA61DCFA192A8B100072EA93 /* en */ = {isa = PBXFileReference; lastKnownFileType = text.plist.strings; name = en; path = en.lproj/InfoPlist.strings; sourceTree = "<group>"; };
		FA61DCFC192A8B100072EA93 /* Web_ViewTests.m */ = {isa = PBXFileReference; lastKnownFileType = sourcecode.c.objc; path = Web_ViewTests.m; sourceTree = "<group>"; };
/* End PBXFileReference section */

/* Begin PBXFrameworksBuildPhase section */
		FA61DCCB192A8B100072EA93 /* Frameworks */ = {
			isa = PBXFrameworksBuildPhase;
			buildActionMask = 2147483647;
			files = (
				FA61DCD4192A8B100072EA93 /* CoreGraphics.framework in Frameworks */,
				FA61DCD6192A8B100072EA93 /* UIKit.framework in Frameworks */,
				FA61DCD2192A8B100072EA93 /* Foundation.framework in Frameworks */,
			);
			runOnlyForDeploymentPostprocessing = 0;
		};
		FA61DCEC192A8B100072EA93 /* Frameworks */ = {
			isa = PBXFrameworksBuildPhase;
			buildActionMask = 2147483647;
			files = (
				FA61DCF1192A8B100072EA93 /* XCTest.framework in Frameworks */,
				FA61DCF3192A8B100072EA93 /* UIKit.framework in Frameworks */,
				FA61DCF2192A8B100072EA93 /* Foundation.framework in Frameworks */,
			);
			runOnlyForDeploymentPostprocessing = 0;
		};
/* End PBXFrameworksBuildPhase section */

/* Begin PBXGroup section */
		FA61DCC5192A8B100072EA93 = {
			isa = PBXGroup;
			children = (
				FA61DCD7192A8B100072EA93 /* Web View */,
				FA61DCF6192A8B100072EA93 /* Web ViewTests */,
				FA61DCD0192A8B100072EA93 /* Frameworks */,
				FA61DCCF192A8B100072EA93 /* Products */,
			);
			sourceTree = "<group>";
		};
		FA61DCCF192A8B100072EA93 /* Products */ = {
			isa = PBXGroup;
			children = (
				FA61DCCE192A8B100072EA93 /* Web View.app */,
				FA61DCEF192A8B100072EA93 /* Web ViewTests.xctest */,
			);
			name = Products;
			sourceTree = "<group>";
		};
		FA61DCD0192A8B100072EA93 /* Frameworks */ = {
			isa = PBXGroup;
			children = (
				FA61DCD1192A8B100072EA93 /* Foundation.framework */,
				FA61DCD3192A8B100072EA93 /* CoreGraphics.framework */,
				FA61DCD5192A8B100072EA93 /* UIKit.framework */,
				FA61DCF0192A8B100072EA93 /* XCTest.framework */,
			);
			name = Frameworks;
			sourceTree = "<group>";
		};
		FA61DCD7192A8B100072EA93 /* Web View */ = {
			isa = PBXGroup;
			children = (
				FA61DCE0192A8B100072EA93 /* AppDelegate.h */,
				FA61DCE1192A8B100072EA93 /* AppDelegate.m */,
				FA61DCE3192A8B100072EA93 /* Main.storyboard */,
				FA61DCE6192A8B100072EA93 /* ViewController.h */,
				FA61DCE7192A8B100072EA93 /* ViewController.m */,
				FA61DCE9192A8B100072EA93 /* Images.xcassets */,
				FA61DCD8192A8B100072EA93 /* Supporting Files */,
			);
			path = "Web View";
			sourceTree = "<group>";
		};
		FA61DCD8192A8B100072EA93 /* Supporting Files */ = {
			isa = PBXGroup;
			children = (
				FA61DCD9192A8B100072EA93 /* Web View-Info.plist */,
				FA61DCDA192A8B100072EA93 /* InfoPlist.strings */,
				FA61DCDD192A8B100072EA93 /* main.m */,
				FA61DCDF192A8B100072EA93 /* Web View-Prefix.pch */,
			);
			name = "Supporting Files";
			sourceTree = "<group>";
		};
		FA61DCF6192A8B100072EA93 /* Web ViewTests */ = {
			isa = PBXGroup;
			children = (
				FA61DCFC192A8B100072EA93 /* Web_ViewTests.m */,
				FA61DCF7192A8B100072EA93 /* Supporting Files */,
			);
			path = "Web ViewTests";
			sourceTree = "<group>";
		};
		FA61DCF7192A8B100072EA93 /* Supporting Files */ = {
			isa = PBXGroup;
			children = (
				FA61DCF8192A8B100072EA93 /* Web ViewTests-Info.plist */,
				FA61DCF9192A8B100072EA93 /* InfoPlist.strings */,
			);
			name = "Supporting Files";
			sourceTree = "<group>";
		};
/* End PBXGroup section */

/* Begin PBXNativeTarget section */
		FA61DCCD192A8B100072EA93 /* Web View */ = {
			isa = PBXNativeTarget;
			buildConfigurationList = FA61DD00192A8B100072EA93 /* Build configuration list for PBXNativeTarget "Web View" */;
			buildPhases = (
				FA61DCCA192A8B100072EA93 /* Sources */,
				FA61DCCB192A8B100072EA93 /* Frameworks */,
				FA61DCCC192A8B100072EA93 /* Resources */,
			);
			buildRules = (
			);
			dependencies = (
			);
			name = "Web View";
			productName = "Web View";
			productReference = FA61DCCE192A8B100072EA93 /* Web View.app */;
			productType = "com.apple.product-type.application";
		};
		FA61DCEE192A8B100072EA93 /* Web ViewTests */ = {
			isa = PBXNativeTarget;
			buildConfigurationList = FA61DD03192A8B100072EA93 /* Build configuration list for PBXNativeTarget "Web ViewTests" */;
			buildPhases = (
				FA61DCEB192A8B100072EA93 /* Sources */,
				FA61DCEC192A8B100072EA93 /* Frameworks */,
				FA61DCED192A8B100072EA93 /* Resources */,
			);
			buildRules = (
			);
			dependencies = (
				FA61DCF5192A8B100072EA93 /* PBXTargetDependency */,
			);
			name = "Web ViewTests";
			productName = "Web ViewTests";
			productReference = FA61DCEF192A8B100072EA93 /* Web ViewTests.xctest */;
			productType = "com.apple.product-type.bundle.unit-test";
		};
/* End PBXNativeTarget section */

/* Begin PBXProject section */
		FA61DCC6192A8B100072EA93 /* Project object */ = {
			isa = PBXProject;
			attributes = {
				LastUpgradeCheck = 0510;
				ORGANIZATIONNAME = Muhammed;
				TargetAttributes = {
					FA61DCEE192A8B100072EA93 = {
						TestTargetID = FA61DCCD192A8B100072EA93;
					};
				};
			};
			buildConfigurationList = FA61DCC9192A8B100072EA93 /* Build configuration list for PBXProject "Web View" */;
			compatibilityVersion = "Xcode 3.2";
			developmentRegion = English;
			hasScannedForEncodings = 0;
			knownRegions = (
				en,
				Base,
			);
			mainGroup = FA61DCC5192A8B100072EA93;
			productRefGroup = FA61DCCF192A8B100072EA93 /* Products */;
			projectDirPath = "";
			projectRoot = "";
			targets = (
				FA61DCCD192A8B100072EA93 /* Web View */,
				FA61DCEE192A8B100072EA93 /* Web ViewTests */,
			);
		};
/* End PBXProject section */

/* Begin PBXResourcesBuildPhase section */
		FA61DCCC192A8B100072EA93 /* Resources */ = {
			isa = PBXResourcesBuildPhase;
			buildActionMask = 2147483647;
			files = (
				FA61DCEA192A8B100072EA93 /* Images.xcassets in Resources */,
				FA61DCDC192A8B100072EA93 /* InfoPlist.strings in Resources */,
				FA61DCE5192A8B100072EA93 /* Main.storyboard in Resources */,
			);
			runOnlyForDeploymentPostprocessing = 0;
		};
		FA61DCED192A8B100072EA93 /* Resources */ = {
			isa = PBXResourcesBuildPhase;
			buildActionMask = 2147483647;
			files = (
				FA61DCFB192A8B100072EA93 /* InfoPlist.strings in Resources */,
			);
			runOnlyForDeploymentPostprocessing = 0;
		};
/* End PBXResourcesBuildPhase section */

/* Begin PBXSourcesBuildPhase section */
		FA61DCCA192A8B100072EA93 /* Sources */ = {
			isa = PBXSourcesBuildPhase;
			buildActionMask = 2147483647;
			files = (
				FA61DCE8192A8B100072EA93 /* ViewController.m in Sources */,
				FA61DCE2192A8B100072EA93 /* AppDelegate.m in Sources */,
				FA61DCDE192A8B100072EA93 /* main.m in Sources */,
			);
			runOnlyForDeploymentPostprocessing = 0;
		};
		FA61DCEB192A8B100072EA93 /* Sources */ = {
			isa = PBXSourcesBuildPhase;
			buildActionMask = 2147483647;
			files = (
				FA61DCFD192A8B100072EA93 /* Web_ViewTests.m in Sources */,
			);
			runOnlyForDeploymentPostprocessing = 0;
		};
/* End PBXSourcesBuildPhase section */

/* Begin PBXTargetDependency section */
		FA61DCF5192A8B100072EA93 /* PBXTargetDependency */ = {
			isa = PBXTargetDependency;
			target = FA61DCCD192A8B100072EA93 /* Web View */;
			targetProxy = FA61DCF4192A8B100072EA93 /* PBXContainerItemProxy */;
		};
/* End PBXTargetDependency section */

/* Begin PBXVariantGroup section */
		FA61DCDA192A8B100072EA93 /* InfoPlist.strings */ = {
			isa = PBXVariantGroup;
			children = (
				FA61DCDB192A8B100072EA93 /* en */,
			);
			name = InfoPlist.strings;
			sourceTree = "<group>";
		};
		FA61DCE3192A8B100072EA93 /* Main.storyboard */ = {
			isa = PBXVariantGroup;
			children = (
				FA61DCE4192A8B100072EA93 /* Base */,
			);
			name = Main.storyboard;
			sourceTree = "<group>";
		};
		FA61DCF9192A8B100072EA93 /* InfoPlist.strings */ = {
			isa = PBXVariantGroup;
			children = (
				FA61DCFA192A8B100072EA93 /* en */,
			);
			name = InfoPlist.strings;
			sourceTree = "<group>";
		};
/* End PBXVariantGroup section */

/* Begin XCBuildConfiguration section */
		FA61DCFE192A8B100072EA93 /* Debug */ = {
			isa = XCBuildConfiguration;
			buildSettings = {
				ALWAYS_SEARCH_USER_PATHS = NO;
				CLANG_CXX_LANGUAGE_STANDARD = "gnu++0x";
				CLANG_CXX_LIBRARY = "libc++";
				CLANG_ENABLE_MODULES = YES;
				CLANG_ENABLE_OBJC_ARC = YES;
				CLANG_WARN_BOOL_CONVERSION = YES;
				CLANG_WARN_CONSTANT_CONVERSION = YES;
				CLANG_WARN_DIRECT_OBJC_ISA_USAGE = YES_ERROR;
				CLANG_WARN_EMPTY_BODY = YES;
				CLANG_WARN_ENUM_CONVERSION = YES;
				CLANG_WARN_INT_CONVERSION = YES;
				CLANG_WARN_OBJC_ROOT_CLASS = YES_ERROR;
				CLANG_WARN__DUPLICATE_METHOD_MATCH = YES;
				"CODE_SIGN_IDENTITY[sdk=iphoneos*]" = "iPhone Developer";
				COPY_PHASE_STRIP = NO;
				GCC_C_LANGUAGE_STANDARD = gnu99;
				GCC_DYNAMIC_NO_PIC = NO;
				GCC_OPTIMIZATION_LEVEL = 0;
				GCC_PREPROCESSOR_DEFINITIONS = (
					"DEBUG=1",
					"$(inherited)",
				);
				GCC_SYMBOLS_PRIVATE_EXTERN = NO;
				GCC_WARN_64_TO_32_BIT_CONVERSION = YES;
				GCC_WARN_ABOUT_RETURN_TYPE = YES_ERROR;
				GCC_WARN_UNDECLARED_SELECTOR = YES;
				GCC_WARN_UNINITIALIZED_AUTOS = YES_AGGRESSIVE;
				GCC_WARN_UNUSED_FUNCTION = YES;
				GCC_WARN_UNUSED_VARIABLE = YES;
				IPHONEOS_DEPLOYMENT_TARGET = 7.1;
				ONLY_ACTIVE_ARCH = YES;
				SDKROOT = iphoneos;
			};
			name = Debug;
		};
		FA61DCFF192A8B100072EA93 /* Release */ = {
			isa = XCBuildConfiguration;
			buildSettings = {
				ALWAYS_SEARCH_USER_PATHS = NO;
				CLANG_CXX_LANGUAGE_STANDARD = "gnu++0x";
				CLANG_CXX_LIBRARY = "libc++";
				CLANG_ENABLE_MODULES = YES;
				CLANG_ENABLE_OBJC_ARC = YES;
				CLANG_WARN_BOOL_CONVERSION = YES;
				CLANG_WARN_CONSTANT_CONVERSION = YES;
				CLANG_WARN_DIRECT_OBJC_ISA_USAGE = YES_ERROR;
				CLANG_WARN_EMPTY_BODY = YES;
				CLANG_WARN_ENUM_CONVERSION = YES;
				CLANG_WARN_INT_CONVERSION = YES;
				CLANG_WARN_OBJC_ROOT_CLASS = YES_ERROR;
				CLANG_WARN__DUPLICATE_METHOD_MATCH = YES;
				"CODE_SIGN_IDENTITY[sdk=iphoneos*]" = "iPhone Developer";
				COPY_PHASE_STRIP = YES;
				ENABLE_NS_ASSERTIONS = NO;
				GCC_C_LANGUAGE_STANDARD = gnu99;
				GCC_WARN_64_TO_32_BIT_CONVERSION = YES;
				GCC_WARN_ABOUT_RETURN_TYPE = YES_ERROR;
				GCC_WARN_UNDECLARED_SELECTOR = YES;
				GCC_WARN_UNINITIALIZED_AUTOS = YES_AGGRESSIVE;
				GCC_WARN_UNUSED_FUNCTION = YES;
				GCC_WARN_UNUSED_VARIABLE = YES;
				IPHONEOS_DEPLOYMENT_TARGET = 7.1;
				SDKROOT = iphoneos;
				VALIDATE_PRODUCT = YES;
			};
			name = Release;
		};
		FA61DD01192A8B100072EA93 /* Debug */ = {
			isa = XCBuildConfiguration;
			buildSettings = {
				ASSETCATALOG_COMPILER_APPICON_NAME = AppIcon;
				ASSETCATALOG_COMPILER_LAUNCHIMAGE_NAME = LaunchImage;
				GCC_PRECOMPILE_PREFIX_HEADER = YES;
				GCC_PREFIX_HEADER = "Web View/Web View-Prefix.pch";
				INFOPLIST_FILE = "Web View/Web View-Info.plist";
				PRODUCT_NAME = "$(TARGET_NAME)";
				WRAPPER_EXTENSION = app;
			};
			name = Debug;
		};
		FA61DD02192A8B100072EA93 /* Release */ = {
			isa = XCBuildConfiguration;
			buildSettings = {
				ASSETCATALOG_COMPILER_APPICON_NAME = AppIcon;
				ASSETCATALOG_COMPILER_LAUNCHIMAGE_NAME = LaunchImage;
				GCC_PRECOMPILE_PREFIX_HEADER = YES;
				GCC_PREFIX_HEADER = "Web View/Web View-Prefix.pch";
				INFOPLIST_FILE = "Web View/Web View-Info.plist";
				PRODUCT_NAME = "$(TARGET_NAME)";
				WRAPPER_EXTENSION = app;
			};
			name = Release;
		};
		FA61DD04192A8B100072EA93 /* Debug */ = {
			isa = XCBuildConfiguration;
			buildSettings = {
				BUNDLE_LOADER = "$(BUILT_PRODUCTS_DIR)/Web View.app/Web View";
				FRAMEWORK_SEARCH_PATHS = (
					"$(SDKROOT)/Developer/Library/Frameworks",
					"$(inherited)",
					"$(DEVELOPER_FRAMEWORKS_DIR)",
				);
				GCC_PRECOMPILE_PREFIX_HEADER = YES;
				GCC_PREFIX_HEADER = "Web View/Web View-Prefix.pch";
				GCC_PREPROCESSOR_DEFINITIONS = (
					"DEBUG=1",
					"$(inherited)",
				);
				INFOPLIST_FILE = "Web ViewTests/Web ViewTests-Info.plist";
				PRODUCT_NAME = "$(TARGET_NAME)";
				TEST_HOST = "$(BUNDLE_LOADER)";
				WRAPPER_EXTENSION = xctest;
			};
			name = Debug;
		};
		FA61DD05192A8B100072EA93 /* Release */ = {
			isa = XCBuildConfiguration;
			buildSettings = {
				BUNDLE_LOADER = "$(BUILT_PRODUCTS_DIR)/Web View.app/Web View";
				FRAMEWORK_SEARCH_PATHS = (
					"$(SDKROOT)/Developer/Library/Frameworks",
					"$(inherited)",
					"$(DEVELOPER_FRAMEWORKS_DIR)",
				);
				GCC_PRECOMPILE_PREFIX_HEADER = YES;
				GCC_PREFIX_HEADER = "Web View/Web View-Prefix.pch";
				INFOPLIST_FILE = "Web ViewTests/Web ViewTests-Info.plist";
				PRODUCT_NAME = "$(TARGET_NAME)";
				TEST_HOST = "$(BUNDLE_LOADER)";
				WRAPPER_EXTENSION = xctest;
			};
			name = Release;
		};
/* End XCBuildConfiguration section */

/* Begin XCConfigurationList section */
		FA61DCC9192A8B100072EA93 /* Build configuration list for PBXProject "Web View" */ = {
			isa = XCConfigurationList;
			buildConfigurations = (
				FA61DCFE192A8B100072EA93 /* Debug */,
				FA61DCFF192A8B100072EA93 /* Release */,
			);
			defaultConfigurationIsVisible = 0;
			defaultConfigurationName = Release;
		};
		FA61DD00192A8B100072EA93 /* Build configuration list for PBXNativeTarget "Web View" */ = {
			isa = XCConfigurationList;
			buildConfigurations = (
				FA61DD01192A8B100072EA93 /* Debug */,
				FA61DD02192A8B100072EA93 /* Release */,
			);
			defaultConfigurationIsVisible = 0;
		};
		FA61DD03192A8B100072EA93 /* Build configuration list for PBXNativeTarget "Web ViewTests" */ = {
			isa = XCConfigurationList;
			buildConfigurations = (
				FA61DD04192A8B100072EA93 /* Debug */,
				FA61DD05192A8B100072EA93 /* Release */,
			);
			defaultConfigurationIsVisible = 0;
		};
/* End XCConfigurationList section */
	};
	rootObject = FA61DCC6192A8B100072EA93 /* Project object */;
}
